
Microsoft Visual Studio Solution File, Format Version 12.00
# Visual Studio 15
VisualStudioVersion = 15.0.28307.168
MinimumVisualStudioVersion = 10.0.40219.1
Project("{8BC9CEB8-8B4A-11D0-8D11-00A0C91BC942}") = "Castlevania_17520388", "Castlevania_17520388\Castlevania_17520388.vcxproj", "{F654E003-6D24-4B15-B20B-F04E6858C6BB}"
EndProject
Global
	GlobalSection(SolutionConfigurationPlatforms) = preSolution
		Debug|x64 = Debug|x64
		Debug|x86 = Debug|x86
		Release|x64 = Release|x64
		Release|x86 = Release|x86
	EndGlobalSection
	GlobalSection(ProjectConfigurationPlatforms) = postSolution
		{F654E003-6D24-4B15-B20B-F04E6858C6BB}.Debug|x64.ActiveCfg = Debug|x64
		{F654E003-6D24-4B15-B20B-F04E6858C6BB}.Debug|x64.Build.0 = Debug|x64
		{F654E003-6D24-4B15-B20B-F04E6858C6BB}.Debug|x86.ActiveCfg = Debug|Win32
		{F654E003-6D24-4B15-B20B-F04E6858C6BB}.Debug|x86.Build.0 = Debug|Win32
		{F654E003-6D24-4B15-B20B-F04E6858C6BB}.Release|x64.ActiveCfg = Release|x64
		{F654E003-6D24-4B15-B20B-F04E6858C6BB}.Release|x64.Build.0 = Release|x64
		{F654E003-6D24-4B15-B20B-F04E6858C6BB}.Release|x86.ActiveCfg = Release|Win32
		{F654E003-6D24-4B15-B20B-F04E6858C6BB}.Release|x86.Build.0 = Release|Win32
	EndGlobalSection
	GlobalSection(SolutionProperties) = preSolution
		HideSolutionNode = FALSE
	EndGlobalSection
	GlobalSection(ExtensibilityGlobals) = postSolution
		SolutionGuid = {EBE8C4CF-A40A-47AA-AEBC-CB3F932797A6}
	EndGlobalSection
EndGlobal
